
Microsoft Visual Studio Solution File, Format Version 12.00
# Visual Studio Express 2013 for Web
VisualStudioVersion = 12.0.30723.0
MinimumVisualStudioVersion = 10.0.40219.1
Project("{CC5FD16D-436D-48AD-A40C-5A424C6E3E79}") = "FleetManageTool", "FleetManageTool\FleetManageTool.ccproj", "{9B81E111-8D8C-46A6-87E4-F08DBD20F552}"
EndProject
Project("{FAE04EC0-301F-11D3-BF4B-00C04F79EFBC}") = "FleetManageToolWebRole", "FleetManageToolWebRole\FleetManageToolWebRole.csproj", "{BF7302D2-4396-4634-B82D-7B92B177D9FF}"
EndProject
Project("{FAE04EC0-301F-11D3-BF4B-00C04F79EFBC}") = "Resource", "Resource\Resource.csproj", "{F1153BB4-2C7D-43DA-B784-E055101FA4DE}"
EndProject
Project("{FAE04EC0-301F-11D3-BF4B-00C04F79EFBC}") = "FleetManageToolWorker", "FleetManageToolWorker\FleetManageToolWorker.csproj", "{F06FC789-D5C0-46FE-B591-A707374F8F32}"
EndProject
Global
	GlobalSection(TeamFoundationVersionControl) = preSolution
		SccNumberOfProjects = 5
		SccEnterpriseProvider = {4CA58AB2-18FA-4F8D-95D4-32DDF27D184C}
		SccTeamFoundationServer = http://ctc-api-test:8080/tfs/defaultcollection
		SccLocalPath0 = .
		SccProjectUniqueName1 = FleetManageTool\\FleetManageTool.ccproj
		SccProjectName1 = FleetManageTool
		SccLocalPath1 = FleetManageTool
		SccProjectUniqueName2 = FleetManageToolWebRole\\FleetManageToolWebRole.csproj
		SccProjectName2 = FleetManageToolWebRole
		SccLocalPath2 = FleetManageToolWebRole
		SccProjectUniqueName3 = FleetManageToolWorker\\FleetManageToolWorker.csproj
		SccProjectName3 = FleetManageToolWorker
		SccLocalPath3 = FleetManageToolWorker
		SccProjectUniqueName4 = Resource\\Resource.csproj
		SccProjectName4 = Resource
		SccLocalPath4 = Resource
	EndGlobalSection
	GlobalSection(SolutionConfigurationPlatforms) = preSolution
		Debug|Any CPU = Debug|Any CPU
		Release|Any CPU = Release|Any CPU
	EndGlobalSection
	GlobalSection(ProjectConfigurationPlatforms) = postSolution
		{9B81E111-8D8C-46A6-87E4-F08DBD20F552}.Debug|Any CPU.ActiveCfg = Debug|Any CPU
		{9B81E111-8D8C-46A6-87E4-F08DBD20F552}.Debug|Any CPU.Build.0 = Debug|Any CPU
		{9B81E111-8D8C-46A6-87E4-F08DBD20F552}.Release|Any CPU.ActiveCfg = Release|Any CPU
		{9B81E111-8D8C-46A6-87E4-F08DBD20F552}.Release|Any CPU.Build.0 = Release|Any CPU
		{BF7302D2-4396-4634-B82D-7B92B177D9FF}.Debug|Any CPU.ActiveCfg = Debug|Any CPU
		{BF7302D2-4396-4634-B82D-7B92B177D9FF}.Debug|Any CPU.Build.0 = Debug|Any CPU
		{BF7302D2-4396-4634-B82D-7B92B177D9FF}.Release|Any CPU.ActiveCfg = Release|Any CPU
		{BF7302D2-4396-4634-B82D-7B92B177D9FF}.Release|Any CPU.Build.0 = Release|Any CPU
		{F1153BB4-2C7D-43DA-B784-E055101FA4DE}.Debug|Any CPU.ActiveCfg = Debug|Any CPU
		{F1153BB4-2C7D-43DA-B784-E055101FA4DE}.Debug|Any CPU.Build.0 = Debug|Any CPU
		{F1153BB4-2C7D-43DA-B784-E055101FA4DE}.Release|Any CPU.ActiveCfg = Release|Any CPU
		{F1153BB4-2C7D-43DA-B784-E055101FA4DE}.Release|Any CPU.Build.0 = Release|Any CPU
		{F06FC789-D5C0-46FE-B591-A707374F8F32}.Debug|Any CPU.ActiveCfg = Debug|Any CPU
		{F06FC789-D5C0-46FE-B591-A707374F8F32}.Debug|Any CPU.Build.0 = Debug|Any CPU
		{F06FC789-D5C0-46FE-B591-A707374F8F32}.Release|Any CPU.ActiveCfg = Release|Any CPU
		{F06FC789-D5C0-46FE-B591-A707374F8F32}.Release|Any CPU.Build.0 = Release|Any CPU
	EndGlobalSection
	GlobalSection(SolutionProperties) = preSolution
		HideSolutionNode = FALSE
	EndGlobalSection
EndGlobal
